
Microsoft Visual Studio Solution File, Format Version 12.00
# Visual Studio Version 17
VisualStudioVersion = 17.5.33530.505
MinimumVisualStudioVersion = 10.0.40219.1
Project("{FAE04EC0-301F-11D3-BF4B-00C04F79EFBC}") = "FastPay", "FastPay\FastPay.csproj", "{A9F73356-F6C7-43D8-B023-B017947EDF31}"
EndProject
Global
	GlobalSection(SolutionConfigurationPlatforms) = preSolution
		Debug|Any CPU = Debug|Any CPU
		Release|Any CPU = Release|Any CPU
	EndGlobalSection
	GlobalSection(ProjectConfigurationPlatforms) = postSolution
		{A9F73356-F6C7-43D8-B023-B017947EDF31}.Debug|Any CPU.ActiveCfg = Debug|Any CPU
		{A9F73356-F6C7-43D8-B023-B017947EDF31}.Debug|Any CPU.Build.0 = Debug|Any CPU
		{A9F73356-F6C7-43D8-B023-B017947EDF31}.Release|Any CPU.ActiveCfg = Release|Any CPU
		{A9F73356-F6C7-43D8-B023-B017947EDF31}.Release|Any CPU.Build.0 = Release|Any CPU
	EndGlobalSection
	GlobalSection(SolutionProperties) = preSolution
		HideSolutionNode = FALSE
	EndGlobalSection
	GlobalSection(ExtensibilityGlobals) = postSolution
		SolutionGuid = {74B0924E-5A1C-4C0A-87CB-848F59125048}
	EndGlobalSection
EndGlobal
